# Exact pre-promotion boundary for the 2026-08-29 Wine audio lifetime repair.
dmime_candidate_name dmime_p16_curve_state_layout.dll
dmime_candidate_sha256 f23f08ed4c41f69baf4ac14a22f9fc5605b629123438fdf37714af6bdae5698e
dmsynth_candidate_name dmsynth_p38_sink_lifetime.dll
dmsynth_candidate_sha256 22287685511486728cb7fc08ec6689b4213ad48cc01679b4bb6e91c02ddfdc1e
dmime_source_patch wine-patches/history/84-dmime-message-private-state-layout.patch
dmime_source_patch_sha256 d1fa52593cb556de8aa6d32a74b02d7273d92bed634eea70f24d13a271790778
dmsynth_source_patch wine-patches/history/85-dmsynth-sink-lifetime-and-clock-state.patch
dmsynth_source_patch_sha256 5ef57275503b7bd576944a7991afb76f560b4cf67d7af38b4dd15a22f6353d62
dmime_patched_source_sha256 3947d746048998c4f6e4150a3844175d78f50a8800c940c3a396d4e9ab105dfb
dmsynth_patched_source_sha256 4ea231a0d5d0b4c8bb692ed91a2514643c7bc039eeab4d0d7a41bc8836b0dafb
source_date_epoch 1787976000
launcher_engine device/launch-play-dxvk-fp17.sh
launcher_engine_sha256 b35953e37ccea8dd941e0413e6aa33332f965026261c1d36a16d8c9a2a0b0a01
launcher_wrapper device/launch-audio-lifetime-candidate.sh
launcher_wrapper_sha256 0b127fbece6ea5fc93352a457fc0cefee3848c790a840d85c742a05a3458d0ac
identity_manifest device/AUDIO_LIFETIME_CANDIDATE.manifest
identity_manifest_sha256 d3fcf70aa9aba2bdc8631a9e96189a67adc11b6cc67555920f9139957718e783
dmime_same_toolchain_baseline_sha256 536d63c9761ac22c3d2541ee1bd0f4089002b642dd6b8fd172120e7f391c6300
dmsynth_same_toolchain_baseline_sha256 d1eabfa5646ba6ea09dac48bb6c42e9283cc6dce76fc550a909c76800008c3d8
