# Exact pre-promotion boundary for Box86 patch 27. FINALPLAY21 remains default.
box86_base_commit 0579f8b9
box86_production_sha256 b7e9530f6039335a37ee54d8d3a2974e25b71500b96b95a9dd899f1e20374d51
box86_candidate_sha256 6522542cd87290ea00955f0e03e4ecc242145a3db5c30afdac5c6b75ea0d571c
box86_candidate_patch box86-patches/27-dxt-surface-selftest-witness-candidate.patch
box86_candidate_patch_sha256 47556e55457a4f399613199a9be83a700a4a6fb7280368f50124458606bf42f2
reader harness/box86_dxt_stats.py
reader_sha256 a9b5b1a6af4ed317f6b0acccd196b6095e8a23d5e88876493fcdde3ea0300562
reader_regression harness/test_dxt_surface_witness.py
reader_regression_sha256 2fa71adf077d0f2ecb536ff74da44f5fb9363116a353b3ce1cad2ac486e01d3f
launcher_engine device/launch-play-dxvk-fp17.sh
launcher_engine_sha256 b35953e37ccea8dd941e0413e6aa33332f965026261c1d36a16d8c9a2a0b0a01
launcher_wrapper device/launch-dxt-surface-witness-candidate.sh
launcher_wrapper_sha256 330957edb0f9bd58d2a10427f92b61895a2a2e3197a04e0823bafb1481651fd8
identity_manifest device/DXT_SURFACE_WITNESS_CANDIDATE.manifest
identity_manifest_sha256 10149338140bc31e0c10634614ff4547021f3c8d07a2d01ea3102ece46f10c4a
witness_magic 0x31535744
witness_version 1
witness_words 6
