# Unpromoted 2026-08-27 crash/input follow-up. This is intentionally separate
# from FINALPLAY.lock so the current FINALPLAY18 reconstruction remains exact.
box86_parent_sha256 d6cafba667d16f6227c0ffd5437e7ac52253dd46624c2edfcbbd36ca3843188b
box86_patch_25 box86-patches/25-wayland-text-input-listener-abi.patch
box86_patch_25_sha256 91240d1ecab3aa255c8323774e029822af6d36f22866d22e2bcff07a903a9ca7
box86_source_date_epoch 1756000000
box86_candidate_sha256 1ff20d6d36dbbabd5a5aadd9ab677f0e02f6f06ab119f8a3c9952175db45e4cd

gptokeyb_remote https://github.com/PortsMaster/gptokeyb
gptokeyb_base_commit 5b1284e1502548d476aa38e5979b0a8f48cb7b94
gptokeyb_patch_01 gptokeyb-patches/01-immediate-start-back-kill-chord.patch
gptokeyb_patch_01_sha256 8143671f90babce6191c14daad244a3dcf274837894b0c3498c9945f1fe30290
gptokeyb_cxx_version 15.2.0-16ubuntu1
gptokeyb_strip_version 2.46
gptokeyb_target_sdl2_sha256 89cb42a6a62818e8f77c354ac104d247cdf36c53543c883a6d2a4a3a26256d92
gptokeyb_target_libstdcxx_sha256 ea3b3e26c5a3886a33a49c86fcd7151227866a0245efaa2c460c3df750644d90
gptokeyb_candidate_sha256 49c782dad9da50cb0f5bb9e37821104e5089563feb24c7b0303117b75196b43a
