# Exact pre-promotion boundary for the 2026-08-28 wpatch flicker repair.
game_exe_original_sha256 29759e6f06eaea4d61bb6aef5a5ef45a936eac1e76fa0c3471cf4f231349aaa0
game_exe_candidate_sha256 e4a54598cefa2f7d19e02aa519e030b21a19424f163e3fdeebe32bb111cde1ce
game_exe_patcher device/patch-mgs2-wpatch-isolated.sh
game_exe_patcher_sha256 5dcc4e1fd76df35e23539bec67a42fda680e1775422a52c6cc882c347026cbe0
game_source_patch game-patches/02-wpatch-consumer-and-state-isolation.patch
game_source_patch_sha256 fae7831938717b89aae4c056f553b68a8d21d02ed592420fad6f0f90bd3c5973
launcher_engine device/launch-play-dxvk-fp17.sh
launcher_engine_sha256 b35953e37ccea8dd941e0413e6aa33332f965026261c1d36a16d8c9a2a0b0a01
launcher_wrapper device/launch-wpatch-isolation-candidate.sh
launcher_wrapper_sha256 369619d6424256ef63b1fe5033db2d78b1a82ca5d7124dbb3721544c6860178f
identity_manifest device/WPATCH_ISOLATION_CANDIDATE.manifest
identity_manifest_sha256 48a87f9a36d0a05fd60263cc2c45fd710dd26603811789cb1828a438989a8777
game_text_virtual_size_offset 0x210
game_text_virtual_size_original d3a55500
game_text_virtual_size_candidate 20a65500
game_wpatch_flag_offset 0x4a294a
game_wpatch_tail_jump_offset 0x4c6c11
game_wpatch_select_call_offset 0x4c6d11
game_wpatch_tail_cave_offset 0x55b5e0
game_wpatch_select_cave_offset 0x55b610
