# Exact pre-promotion boundary for the 2026-08-29 wpatch state-ownership repair.
game_exe_original_sha256 29759e6f06eaea4d61bb6aef5a5ef45a936eac1e76fa0c3471cf4f231349aaa0
game_exe_candidate_sha256 d902ee4398b77653674943f097f79e103d1aa0bc93ce825c0cb0c3d3522b9f88
game_exe_patcher device/patch-mgs2-wpatch-state-owned.sh
game_exe_patcher_sha256 0c75034daa9eaace2fcb45d7909a9c57f827d0e2ac2d67ca2602955c11d61e15
game_base_source_patch game-patches/02-wpatch-consumer-and-state-isolation.patch
game_base_source_patch_sha256 fae7831938717b89aae4c056f553b68a8d21d02ed592420fad6f0f90bd3c5973
game_state_source_patch game-patches/04-wpatch-texture-transform-ownership-candidate.patch
game_state_source_patch_sha256 1f4c41382cf411f2f90b57e0f5a207ba7f530e27d54a657fd584e3ecd3a985ab
game_safety_source_patch game-patches/05-wpatch-latent-safety-corrections.patch
game_safety_source_patch_sha256 15bf5c0594145b2f69c87f3be22da75d14607dfc992b15bab79130a8c748b026
launcher_engine device/launch-play-dxvk-fp17.sh
launcher_engine_sha256 b35953e37ccea8dd941e0413e6aa33332f965026261c1d36a16d8c9a2a0b0a01
launcher_wrapper device/launch-wpatch-state-ownership-candidate.sh
launcher_wrapper_sha256 8a0cbd8a4cf7aa82636b97723b6b3b6aed9d9556815b09e4faa7f3385731657d
identity_manifest device/WPATCH_STATE_OWNERSHIP_CANDIDATE.manifest
identity_manifest_sha256 b0fb83801dcafdfd82635e73f0c386f1f385d149ff9f23908dcef7c818b03a78
game_text_virtual_size_offset 0x210
game_text_virtual_size_original d3a55500
game_text_virtual_size_candidate 40a65500
game_wpatch_software_flag_offset 0x4a28ba
game_wpatch_flag_offset 0x4a294a
game_wpatch_tail_jump_offset 0x4c6c11
game_wpatch_select_call_offset 0x4c6d11
game_wpatch_state_call_offset 0x4c6fe9
game_wpatch_tail_cave_offset 0x55b5e0
game_wpatch_select_cave_offset 0x55b610
game_wpatch_state_cave_offset 0x55b620
